Microsoft Visual Studio Solution File, Format Version 11.00
# Visual Studio 2008

Project("{63CA1800-BF4A-6E13-0CA5-33DC3D7A130B}") = "HumanStackingTheRaceToSpace", "Assembly-CSharp-firstpass.csproj", "{C887AD46-5C5F-01E8-4C52-2CB7F0F9F152}"
EndProject
Project("{63CA1800-BF4A-6E13-0CA5-33DC3D7A130B}") = "HumanStackingTheRaceToSpace", "Assembly-UnityScript-firstpass.unityproj", "{2DC743B4-AB36-E0BE-8141-9E2A66F85AC2}"
EndProject
Project("{63CA1800-BF4A-6E13-0CA5-33DC3D7A130B}") = "HumanStackingTheRaceToSpace", "Assembly-UnityScript.unityproj", "{E4F454D3-D97F-9D2B-23EB-D4C0A4ABB14C}"
EndProject
Global
	GlobalSection(SolutionConfigurationPlatforms) = preSolution
		Debug|Any CPU = Debug|Any CPU
		Release|Any CPU = Release|Any CPU
	EndGlobalSection
	GlobalSection(ProjectConfigurationPlatforms) = postSolution
		{C887AD46-5C5F-01E8-4C52-2CB7F0F9F152}.Debug|Any CPU.ActiveCfg = Debug|Any CPU
		{C887AD46-5C5F-01E8-4C52-2CB7F0F9F152}.Debug|Any CPU.Build.0 = Debug|Any CPU
		{C887AD46-5C5F-01E8-4C52-2CB7F0F9F152}.Release|Any CPU.ActiveCfg = Release|Any CPU
		{C887AD46-5C5F-01E8-4C52-2CB7F0F9F152}.Release|Any CPU.Build.0 = Release|Any CPU
		{2DC743B4-AB36-E0BE-8141-9E2A66F85AC2}.Debug|Any CPU.ActiveCfg = Debug|Any CPU
		{2DC743B4-AB36-E0BE-8141-9E2A66F85AC2}.Debug|Any CPU.Build.0 = Debug|Any CPU
		{2DC743B4-AB36-E0BE-8141-9E2A66F85AC2}.Release|Any CPU.ActiveCfg = Release|Any CPU
		{2DC743B4-AB36-E0BE-8141-9E2A66F85AC2}.Release|Any CPU.Build.0 = Release|Any CPU
		{E4F454D3-D97F-9D2B-23EB-D4C0A4ABB14C}.Debug|Any CPU.ActiveCfg = Debug|Any CPU
		{E4F454D3-D97F-9D2B-23EB-D4C0A4ABB14C}.Debug|Any CPU.Build.0 = Debug|Any CPU
		{E4F454D3-D97F-9D2B-23EB-D4C0A4ABB14C}.Release|Any CPU.ActiveCfg = Release|Any CPU
		{E4F454D3-D97F-9D2B-23EB-D4C0A4ABB14C}.Release|Any CPU.Build.0 = Release|Any CPU
	EndGlobalSection
	GlobalSection(SolutionProperties) = preSolution
		HideSolutionNode = FALSE
	EndGlobalSection
																																GlobalSection(MonoDevelopProperties) = preSolution
=======
																												GlobalSection(MonoDevelopProperties) = preSolution
>>>>>>> 4888fe4de5fd55f5f66ca1c758cfe4002460aced
=======
																	GlobalSection(MonoDevelopProperties) = preSolution
>>>>>>> 0490250d9d07f4e0f5953c747c8b911a0c59d801
=======
												GlobalSection(MonoDevelopProperties) = preSolution
>>>>>>> cd2375d4dc7c1e61f8e36875d915aa902f165409
=======
						GlobalSection(MonoDevelopProperties) = preSolution
>>>>>>> 4ccf6727cd9bfd47e2f164d501ed80a6fe404a7b
=======
													GlobalSection(MonoDevelopProperties) = preSolution
>>>>>>> 9eb99c4a4c9bcf0ebbb46a66ceb0e2a3c034f6fe
		StartupItem = Assembly-CSharp.csproj
		Policies = $0
		$0.TextStylePolicy = $1
		$1.inheritsSet = null
		$1.scope = text/x-csharp
		$0.CSharpFormattingPolicy = $2
		$2.inheritsSet = Mono
		$2.inheritsScope = text/x-csharp
		$2.scope = text/x-csharp
		$0.TextStylePolicy = $3
		$3.FileWidth = 120
		$3.TabWidth = 4
		$3.EolMarker = Unix
		$3.inheritsSet = Mono
		$3.inheritsScope = text/plain
		$3.scope = text/plain
	EndGlobalSection
																	GlobalSection(MonoDevelopProperties) = preSolution
		StartupItem = Assembly-CSharp.csproj
		Policies = $0
		$0.TextStylePolicy = $1
		$1.inheritsSet = null
		$1.scope = text/x-csharp
		$0.CSharpFormattingPolicy = $2
		$2.inheritsSet = Mono
		$2.inheritsScope = text/x-csharp
		$2.scope = text/x-csharp
		$0.TextStylePolicy = $3
		$3.FileWidth = 120
		$3.TabWidth = 4
		$3.EolMarker = Unix
		$3.inheritsSet = Mono
		$3.inheritsScope = text/plain
		$3.scope = text/plain
	EndGlobalSection

EndGlobal
